// !$*UTF8*$!
{
	archiveVersion = 1;
	classes = {
	};
	objectVersion = 56;
	objects = {

/* Begin PBXBuildFile section */
		680082922C3E64C800ADD884 /* AppDelegate.swift in Sources */ = {isa = PBXBuildFile; fileRef = 680082912C3E64C800ADD884 /* AppDelegate.swift */; };
		680082942C3E64C800ADD884 /* SceneDelegate.swift in Sources */ = {isa = PBXBuildFile; fileRef = 680082932C3E64C800ADD884 /* SceneDelegate.swift */; };
		680082962C3E64C800ADD884 /* MainViewController.swift in Sources */ = {isa = PBXBuildFile; fileRef = 680082952C3E64C800ADD884 /* MainViewController.swift */; };
		6800829B2C3E64C900ADD884 /* Assets.xcassets in Resources */ = {isa = PBXBuildFile; fileRef = 6800829A2C3E64C900ADD884 /* Assets.xcassets */; };
		6800829E2C3E64C900ADD884 /* Base in Resources */ = {isa = PBXBuildFile; fileRef = 6800829D2C3E64C900ADD884 /* Base */; };
		680082AF2C3E8D3500ADD884 /* .gitignore in Resources */ = {isa = PBXBuildFile; fileRef = 680082AE2C3E8D3500ADD884 /* .gitignore */; };
		680082B12C3E8D5500ADD884 /* APIKey.swift in Sources */ = {isa = PBXBuildFile; fileRef = 680082B02C3E8D5500ADD884 /* APIKey.swift */; };
		680082B42C3E8EF800ADD884 /* RealmSwift in Frameworks */ = {isa = PBXBuildFile; productRef = 680082B32C3E8EF800ADD884 /* RealmSwift */; };
		680082B72C3E8F1A00ADD884 /* Alamofire in Frameworks */ = {isa = PBXBuildFile; productRef = 680082B62C3E8F1A00ADD884 /* Alamofire */; };
		680082BA2C3E8F2A00ADD884 /* SnapKit in Frameworks */ = {isa = PBXBuildFile; productRef = 680082B92C3E8F2A00ADD884 /* SnapKit */; };
		680082BD2C3E8F3600ADD884 /* Kingfisher in Frameworks */ = {isa = PBXBuildFile; productRef = 680082BC2C3E8F3600ADD884 /* Kingfisher */; };
		680082C32C3EC7AE00ADD884 /* BaseViewController.swift in Sources */ = {isa = PBXBuildFile; fileRef = 680082C22C3EC7AE00ADD884 /* BaseViewController.swift */; };
		680082C72C3EC88000ADD884 /* BaseCollectionViewCell.swift in Sources */ = {isa = PBXBuildFile; fileRef = 680082C62C3EC88000ADD884 /* BaseCollectionViewCell.swift */; };
		680082C92C3EC88F00ADD884 /* BaseTableViewCell.swift in Sources */ = {isa = PBXBuildFile; fileRef = 680082C82C3EC88E00ADD884 /* BaseTableViewCell.swift */; };
		680082CB2C3EC8D200ADD884 /* ReusableProtocol+.swift in Sources */ = {isa = PBXBuildFile; fileRef = 680082CA2C3EC8D200ADD884 /* ReusableProtocol+.swift */; };
		680082CD2C3ED14D00ADD884 /* MainView.swift in Sources */ = {isa = PBXBuildFile; fileRef = 680082CC2C3ED14D00ADD884 /* MainView.swift */; };
		680082CF2C3ED96600ADD884 /* UILabel+.swift in Sources */ = {isa = PBXBuildFile; fileRef = 680082CE2C3ED96600ADD884 /* UILabel+.swift */; };
		680082D12C3EE74E00ADD884 /* WeatherCollectionViewCell.swift in Sources */ = {isa = PBXBuildFile; fileRef = 680082D02C3EE74E00ADD884 /* WeatherCollectionViewCell.swift */; };
		680082D72C3EF04600ADD884 /* WeatherTableViewCell.swift in Sources */ = {isa = PBXBuildFile; fileRef = 680082D62C3EF04600ADD884 /* WeatherTableViewCell.swift */; };
/* End PBXBuildFile section */

/* Begin PBXFileReference section */
		6800828E2C3E64C800ADD884 /* YegrWeatherEX.app */ = {isa = PBXFileReference; explicitFileType = wrapper.application; includeInIndex = 0; path = YegrWeatherEX.app; sourceTree = BUILT_PRODUCTS_DIR; };
		680082912C3E64C800ADD884 /* AppDelegate.swift */ = {isa = PBXFileReference; lastKnownFileType = sourcecode.swift; path = AppDelegate.swift; sourceTree = "<group>"; };
		680082932C3E64C800ADD884 /* SceneDelegate.swift */ = {isa = PBXFileReference; lastKnownFileType = sourcecode.swift; path = SceneDelegate.swift; sourceTree = "<group>"; };
		680082952C3E64C800ADD884 /* MainViewController.swift */ = {isa = PBXFileReference; lastKnownFileType = sourcecode.swift; path = MainViewController.swift; sourceTree = "<group>"; };
		6800829A2C3E64C900ADD884 /* Assets.xcassets */ = {isa = PBXFileReference; lastKnownFileType = folder.assetcatalog; path = Assets.xcassets; sourceTree = "<group>"; };
		6800829D2C3E64C900ADD884 /* Base */ = {isa = PBXFileReference; lastKnownFileType = file.storyboard; name = Base; path = Base.lproj/LaunchScreen.storyboard; sourceTree = "<group>"; };
		6800829F2C3E64C900ADD884 /* Info.plist */ = {isa = PBXFileReference; lastKnownFileType = text.plist.xml; path = Info.plist; sourceTree = "<group>"; };
		680082AE2C3E8D3500ADD884 /* .gitignore */ = {isa = PBXFileReference; lastKnownFileType = text; path = .gitignore; sourceTree = "<group>"; };
		680082B02C3E8D5500ADD884 /* APIKey.swift */ = {isa = PBXFileReference; lastKnownFileType = sourcecode.swift; path = APIKey.swift; sourceTree = "<group>"; };
		680082C22C3EC7AE00ADD884 /* BaseViewController.swift */ = {isa = PBXFileReference; lastKnownFileType = sourcecode.swift; path = BaseViewController.swift; sourceTree = "<group>"; };
		680082C62C3EC88000ADD884 /* BaseCollectionViewCell.swift */ = {isa = PBXFileReference; lastKnownFileType = sourcecode.swift; path = BaseCollectionViewCell.swift; sourceTree = "<group>"; };
		680082C82C3EC88E00ADD884 /* BaseTableViewCell.swift */ = {isa = PBXFileReference; lastKnownFileType = sourcecode.swift; path = BaseTableViewCell.swift; sourceTree = "<group>"; };
		680082CA2C3EC8D200ADD884 /* ReusableProtocol+.swift */ = {isa = PBXFileReference; lastKnownFileType = sourcecode.swift; path = "ReusableProtocol+.swift"; sourceTree = "<group>"; };
		680082CC2C3ED14D00ADD884 /* MainView.swift */ = {isa = PBXFileReference; lastKnownFileType = sourcecode.swift; path = MainView.swift; sourceTree = "<group>"; };
		680082CE2C3ED96600ADD884 /* UILabel+.swift */ = {isa = PBXFileReference; lastKnownFileType = sourcecode.swift; path = "UILabel+.swift"; sourceTree = "<group>"; };
		680082D02C3EE74E00ADD884 /* WeatherCollectionViewCell.swift */ = {isa = PBXFileReference; lastKnownFileType = sourcecode.swift; path = WeatherCollectionViewCell.swift; sourceTree = "<group>"; };
		680082D62C3EF04600ADD884 /* WeatherTableViewCell.swift */ = {isa = PBXFileReference; lastKnownFileType = sourcecode.swift; path = WeatherTableViewCell.swift; sourceTree = "<group>"; };
/* End PBXFileReference section */

/* Begin PBXFrameworksBuildPhase section */
		6800828B2C3E64C800ADD884 /* Frameworks */ = {
			isa = PBXFrameworksBuildPhase;
			buildActionMask = 2147483647;
			files = (
				680082BD2C3E8F3600ADD884 /* Kingfisher in Frameworks */,
				680082BA2C3E8F2A00ADD884 /* SnapKit in Frameworks */,
				680082B42C3E8EF800ADD884 /* RealmSwift in Frameworks */,
				680082B72C3E8F1A00ADD884 /* Alamofire in Frameworks */,
			);
			runOnlyForDeploymentPostprocessing = 0;
		};
/* End PBXFrameworksBuildPhase section */

/* Begin PBXGroup section */
		680082852C3E64C800ADD884 = {
			isa = PBXGroup;
			children = (
				680082AE2C3E8D3500ADD884 /* .gitignore */,
				680082902C3E64C800ADD884 /* YegrWeatherEX */,
				6800828F2C3E64C800ADD884 /* Products */,
			);
			sourceTree = "<group>";
		};
		6800828F2C3E64C800ADD884 /* Products */ = {
			isa = PBXGroup;
			children = (
				6800828E2C3E64C800ADD884 /* YegrWeatherEX.app */,
			);
			name = Products;
			sourceTree = "<group>";
		};
		680082902C3E64C800ADD884 /* YegrWeatherEX */ = {
			isa = PBXGroup;
			children = (
				680082912C3E64C800ADD884 /* AppDelegate.swift */,
				680082932C3E64C800ADD884 /* SceneDelegate.swift */,
				6800829A2C3E64C900ADD884 /* Assets.xcassets */,
				6800829C2C3E64C900ADD884 /* LaunchScreen.storyboard */,
				680082BF2C3EC36500ADD884 /* API */,
				680082C02C3EC37600ADD884 /* Extension */,
				680082C12C3EC79B00ADD884 /* Base */,
				680082BE2C3EC34400ADD884 /* Main */,
				680082D22C3EE88600ADD884 /* ViewModel */,
				6800829F2C3E64C900ADD884 /* Info.plist */,
				680082B02C3E8D5500ADD884 /* APIKey.swift */,
			);
			path = YegrWeatherEX;
			sourceTree = "<group>";
		};
		680082BE2C3EC34400ADD884 /* Main */ = {
			isa = PBXGroup;
			children = (
				680082952C3E64C800ADD884 /* MainViewController.swift */,
				680082D32C3EE88A00ADD884 /* View */,
				680082D42C3EE88F00ADD884 /* Cell */,
			);
			path = Main;
			sourceTree = "<group>";
		};
		680082BF2C3EC36500ADD884 /* API */ = {
			isa = PBXGroup;
			children = (
			);
			path = API;
			sourceTree = "<group>";
		};
		680082C02C3EC37600ADD884 /* Extension */ = {
			isa = PBXGroup;
			children = (
				680082CA2C3EC8D200ADD884 /* ReusableProtocol+.swift */,
				680082CE2C3ED96600ADD884 /* UILabel+.swift */,
			);
			path = Extension;
			sourceTree = "<group>";
		};
		680082C12C3EC79B00ADD884 /* Base */ = {
			isa = PBXGroup;
			children = (
				680082C22C3EC7AE00ADD884 /* BaseViewController.swift */,
				680082C62C3EC88000ADD884 /* BaseCollectionViewCell.swift */,
				680082C82C3EC88E00ADD884 /* BaseTableViewCell.swift */,
			);
			path = Base;
			sourceTree = "<group>";
		};
		680082D22C3EE88600ADD884 /* ViewModel */ = {
			isa = PBXGroup;
			children = (
			);
			path = ViewModel;
			sourceTree = "<group>";
		};
		680082D32C3EE88A00ADD884 /* View */ = {
			isa = PBXGroup;
			children = (
				680082CC2C3ED14D00ADD884 /* MainView.swift */,
			);
			path = View;
			sourceTree = "<group>";
		};
		680082D42C3EE88F00ADD884 /* Cell */ = {
			isa = PBXGroup;
			children = (
				680082D02C3EE74E00ADD884 /* WeatherCollectionViewCell.swift */,
				680082D62C3EF04600ADD884 /* WeatherTableViewCell.swift */,
			);
			path = Cell;
			sourceTree = "<group>";
		};
/* End PBXGroup section */

/* Begin PBXNativeTarget section */
		6800828D2C3E64C800ADD884 /* YegrWeatherEX */ = {
			isa = PBXNativeTarget;
			buildConfigurationList = 680082A22C3E64C900ADD884 /* Build configuration list for PBXNativeTarget "YegrWeatherEX" */;
			buildPhases = (
				6800828A2C3E64C800ADD884 /* Sources */,
				6800828B2C3E64C800ADD884 /* Frameworks */,
				6800828C2C3E64C800ADD884 /* Resources */,
			);
			buildRules = (
			);
			dependencies = (
			);
			name = YegrWeatherEX;
			packageProductDependencies = (
				680082B32C3E8EF800ADD884 /* RealmSwift */,
				680082B62C3E8F1A00ADD884 /* Alamofire */,
				680082B92C3E8F2A00ADD884 /* SnapKit */,
				680082BC2C3E8F3600ADD884 /* Kingfisher */,
			);
			productName = YegrWeatherEX;
			productReference = 6800828E2C3E64C800ADD884 /* YegrWeatherEX.app */;
			productType = "com.apple.product-type.application";
		};
/* End PBXNativeTarget section */

/* Begin PBXProject section */
		680082862C3E64C800ADD884 /* Project object */ = {
			isa = PBXProject;
			attributes = {
				BuildIndependentTargetsInParallel = 1;
				LastSwiftUpdateCheck = 1540;
				LastUpgradeCheck = 1540;
				TargetAttributes = {
					6800828D2C3E64C800ADD884 = {
						CreatedOnToolsVersion = 15.4;
					};
				};
			};
			buildConfigurationList = 680082892C3E64C800ADD884 /* Build configuration list for PBXProject "YegrWeatherEX" */;
			compatibilityVersion = "Xcode 14.0";
			developmentRegion = en;
			hasScannedForEncodings = 0;
			knownRegions = (
				en,
				Base,
			);
			mainGroup = 680082852C3E64C800ADD884;
			packageReferences = (
				680082B22C3E8EF800ADD884 /* XCRemoteSwiftPackageReference "realm-swift" */,
				680082B52C3E8F1A00ADD884 /* XCRemoteSwiftPackageReference "Alamofire" */,
				680082B82C3E8F2A00ADD884 /* XCRemoteSwiftPackageReference "SnapKit" */,
				680082BB2C3E8F3600ADD884 /* XCRemoteSwiftPackageReference "Kingfisher" */,
			);
			productRefGroup = 6800828F2C3E64C800ADD884 /* Products */;
			projectDirPath = "";
			projectRoot = "";
			targets = (
				6800828D2C3E64C800ADD884 /* YegrWeatherEX */,
			);
		};
/* End PBXProject section */

/* Begin PBXResourcesBuildPhase section */
		6800828C2C3E64C800ADD884 /* Resources */ = {
			isa = PBXResourcesBuildPhase;
			buildActionMask = 2147483647;
			files = (
				680082AF2C3E8D3500ADD884 /* .gitignore in Resources */,
				6800829B2C3E64C900ADD884 /* Assets.xcassets in Resources */,
				6800829E2C3E64C900ADD884 /* Base in Resources */,
			);
			runOnlyForDeploymentPostprocessing = 0;
		};
/* End PBXResourcesBuildPhase section */

/* Begin PBXSourcesBuildPhase section */
		6800828A2C3E64C800ADD884 /* Sources */ = {
			isa = PBXSourcesBuildPhase;
			buildActionMask = 2147483647;
			files = (
				680082D72C3EF04600ADD884 /* WeatherTableViewCell.swift in Sources */,
				680082C32C3EC7AE00ADD884 /* BaseViewController.swift in Sources */,
				680082CD2C3ED14D00ADD884 /* MainView.swift in Sources */,
				680082D12C3EE74E00ADD884 /* WeatherCollectionViewCell.swift in Sources */,
				680082CF2C3ED96600ADD884 /* UILabel+.swift in Sources */,
				680082962C3E64C800ADD884 /* MainViewController.swift in Sources */,
				680082CB2C3EC8D200ADD884 /* ReusableProtocol+.swift in Sources */,
				680082922C3E64C800ADD884 /* AppDelegate.swift in Sources */,
				680082B12C3E8D5500ADD884 /* APIKey.swift in Sources */,
				680082C92C3EC88F00ADD884 /* BaseTableViewCell.swift in Sources */,
				680082942C3E64C800ADD884 /* SceneDelegate.swift in Sources */,
				680082C72C3EC88000ADD884 /* BaseCollectionViewCell.swift in Sources */,
			);
			runOnlyForDeploymentPostprocessing = 0;
		};
/* End PBXSourcesBuildPhase section */

/* Begin PBXVariantGroup section */
		6800829C2C3E64C900ADD884 /* LaunchScreen.storyboard */ = {
			isa = PBXVariantGroup;
			children = (
				6800829D2C3E64C900ADD884 /* Base */,
			);
			name = LaunchScreen.storyboard;
			sourceTree = "<group>";
		};
/* End PBXVariantGroup section */

/* Begin XCBuildConfiguration section */
		680082A02C3E64C900ADD884 /* Debug */ = {
			isa = XCBuildConfiguration;
			buildSettings = {
				ALWAYS_SEARCH_USER_PATHS = NO;
				ASSETCATALOG_COMPILER_GENERATE_SWIFT_ASSET_SYMBOL_EXTENSIONS = YES;
				CLANG_ANALYZER_NONNULL = YES;
				CLANG_ANALYZER_NUMBER_OBJECT_CONVERSION = YES_AGGRESSIVE;
				CLANG_CXX_LANGUAGE_STANDARD = "gnu++20";
				CLANG_ENABLE_MODULES = YES;
				CLANG_ENABLE_OBJC_ARC = YES;
				CLANG_ENABLE_OBJC_WEAK = YES;
				CLANG_WARN_BLOCK_CAPTURE_AUTORELEASING = YES;
				CLANG_WARN_BOOL_CONVERSION = YES;
				CLANG_WARN_COMMA = YES;
				CLANG_WARN_CONSTANT_CONVERSION = YES;
				CLANG_WARN_DEPRECATED_OBJC_IMPLEMENTATIONS = YES;
				CLANG_WARN_DIRECT_OBJC_ISA_USAGE = YES_ERROR;
				CLANG_WARN_DOCUMENTATION_COMMENTS = YES;
				CLANG_WARN_EMPTY_BODY = YES;
				CLANG_WARN_ENUM_CONVERSION = YES;
				CLANG_WARN_INFINITE_RECURSION = YES;
				CLANG_WARN_INT_CONVERSION = YES;
				CLANG_WARN_NON_LITERAL_NULL_CONVERSION = YES;
				CLANG_WARN_OBJC_IMPLICIT_RETAIN_SELF = YES;
				CLANG_WARN_OBJC_LITERAL_CONVERSION = YES;
				CLANG_WARN_OBJC_ROOT_CLASS = YES_ERROR;
				CLANG_WARN_QUOTED_INCLUDE_IN_FRAMEWORK_HEADER = YES;
				CLANG_WARN_RANGE_LOOP_ANALYSIS = YES;
				CLANG_WARN_STRICT_PROTOTYPES = YES;
				CLANG_WARN_SUSPICIOUS_MOVE = YES;
				CLANG_WARN_UNGUARDED_AVAILABILITY = YES_AGGRESSIVE;
				CLANG_WARN_UNREACHABLE_CODE = YES;
				CLANG_WARN__DUPLICATE_METHOD_MATCH = YES;
				COPY_PHASE_STRIP = NO;
				DEBUG_INFORMATION_FORMAT = dwarf;
				ENABLE_STRICT_OBJC_MSGSEND = YES;
				ENABLE_TESTABILITY = YES;
				ENABLE_USER_SCRIPT_SANDBOXING = YES;
				GCC_C_LANGUAGE_STANDARD = gnu17;
				GCC_DYNAMIC_NO_PIC = NO;
				GCC_NO_COMMON_BLOCKS = YES;
				GCC_OPTIMIZATION_LEVEL = 0;
				GCC_PREPROCESSOR_DEFINITIONS = (
					"DEBUG=1",
					"$(inherited)",
				);
				GCC_WARN_64_TO_32_BIT_CONVERSION = YES;
				GCC_WARN_ABOUT_RETURN_TYPE = YES_ERROR;
				GCC_WARN_UNDECLARED_SELECTOR = YES;
				GCC_WARN_UNINITIALIZED_AUTOS = YES_AGGRESSIVE;
				GCC_WARN_UNUSED_FUNCTION = YES;
				GCC_WARN_UNUSED_VARIABLE = YES;
				IPHONEOS_DEPLOYMENT_TARGET = 17.5;
				LOCALIZATION_PREFERS_STRING_CATALOGS = YES;
				MTL_ENABLE_DEBUG_INFO = INCLUDE_SOURCE;
				MTL_FAST_MATH = YES;
				ONLY_ACTIVE_ARCH = YES;
				SDKROOT = iphoneos;
				SWIFT_ACTIVE_COMPILATION_CONDITIONS = "DEBUG $(inherited)";
				SWIFT_OPTIMIZATION_LEVEL = "-Onone";
			};
			name = Debug;
		};
		680082A12C3E64C900ADD884 /* Release */ = {
			isa = XCBuildConfiguration;
			buildSettings = {
				ALWAYS_SEARCH_USER_PATHS = NO;
				ASSETCATALOG_COMPILER_GENERATE_SWIFT_ASSET_SYMBOL_EXTENSIONS = YES;
				CLANG_ANALYZER_NONNULL = YES;
				CLANG_ANALYZER_NUMBER_OBJECT_CONVERSION = YES_AGGRESSIVE;
				CLANG_CXX_LANGUAGE_STANDARD = "gnu++20";
				CLANG_ENABLE_MODULES = YES;
				CLANG_ENABLE_OBJC_ARC = YES;
				CLANG_ENABLE_OBJC_WEAK = YES;
				CLANG_WARN_BLOCK_CAPTURE_AUTORELEASING = YES;
				CLANG_WARN_BOOL_CONVERSION = YES;
				CLANG_WARN_COMMA = YES;
				CLANG_WARN_CONSTANT_CONVERSION = YES;
				CLANG_WARN_DEPRECATED_OBJC_IMPLEMENTATIONS = YES;
				CLANG_WARN_DIRECT_OBJC_ISA_USAGE = YES_ERROR;
				CLANG_WARN_DOCUMENTATION_COMMENTS = YES;
				CLANG_WARN_EMPTY_BODY = YES;
				CLANG_WARN_ENUM_CONVERSION = YES;
				CLANG_WARN_INFINITE_RECURSION = YES;
				CLANG_WARN_INT_CONVERSION = YES;
				CLANG_WARN_NON_LITERAL_NULL_CONVERSION = YES;
				CLANG_WARN_OBJC_IMPLICIT_RETAIN_SELF = YES;
				CLANG_WARN_OBJC_LITERAL_CONVERSION = YES;
				CLANG_WARN_OBJC_ROOT_CLASS = YES_ERROR;
				CLANG_WARN_QUOTED_INCLUDE_IN_FRAMEWORK_HEADER = YES;
				CLANG_WARN_RANGE_LOOP_ANALYSIS = YES;
				CLANG_WARN_STRICT_PROTOTYPES = YES;
				CLANG_WARN_SUSPICIOUS_MOVE = YES;
				CLANG_WARN_UNGUARDED_AVAILABILITY = YES_AGGRESSIVE;
				CLANG_WARN_UNREACHABLE_CODE = YES;
				CLANG_WARN__DUPLICATE_METHOD_MATCH = YES;
				COPY_PHASE_STRIP = NO;
				DEBUG_INFORMATION_FORMAT = "dwarf-with-dsym";
				ENABLE_NS_ASSERTIONS = NO;
				ENABLE_STRICT_OBJC_MSGSEND = YES;
				ENABLE_USER_SCRIPT_SANDBOXING = YES;
				GCC_C_LANGUAGE_STANDARD = gnu17;
				GCC_NO_COMMON_BLOCKS = YES;
				GCC_WARN_64_TO_32_BIT_CONVERSION = YES;
				GCC_WARN_ABOUT_RETURN_TYPE = YES_ERROR;
				GCC_WARN_UNDECLARED_SELECTOR = YES;
				GCC_WARN_UNINITIALIZED_AUTOS = YES_AGGRESSIVE;
				GCC_WARN_UNUSED_FUNCTION = YES;
				GCC_WARN_UNUSED_VARIABLE = YES;
				IPHONEOS_DEPLOYMENT_TARGET = 17.5;
				LOCALIZATION_PREFERS_STRING_CATALOGS = YES;
				MTL_ENABLE_DEBUG_INFO = NO;
				MTL_FAST_MATH = YES;
				SDKROOT = iphoneos;
				SWIFT_COMPILATION_MODE = wholemodule;
				VALIDATE_PRODUCT = YES;
			};
			name = Release;
		};
		680082A32C3E64C900ADD884 /* Debug */ = {
			isa = XCBuildConfiguration;
			buildSettings = {
				ASSETCATALOG_COMPILER_APPICON_NAME = AppIcon;
				ASSETCATALOG_COMPILER_GLOBAL_ACCENT_COLOR_NAME = AccentColor;
				CODE_SIGN_STYLE = Automatic;
				CURRENT_PROJECT_VERSION = 1;
				GENERATE_INFOPLIST_FILE = YES;
				INFOPLIST_FILE = YegrWeatherEX/Info.plist;
				INFOPLIST_KEY_CFBundleDisplayName = YegrWeather;
				INFOPLIST_KEY_UIApplicationSupportsIndirectInputEvents = YES;
				INFOPLIST_KEY_UILaunchStoryboardName = LaunchScreen;
				INFOPLIST_KEY_UISupportedInterfaceOrientations = UIInterfaceOrientationPortrait;
				INFOPLIST_KEY_UISupportedInterfaceOrientations_iPad = UIInterfaceOrientationPortrait;
				IPHONEOS_DEPLOYMENT_TARGET = 16.0;
				LD_RUNPATH_SEARCH_PATHS = (
					"$(inherited)",
					"@executable_path/Frameworks",
				);
				MARKETING_VERSION = 1.0;
				PRODUCT_BUNDLE_IDENTIFIER = YJ.YegrWeatherEX;
				PRODUCT_NAME = "$(TARGET_NAME)";
				SUPPORTED_PLATFORMS = "iphoneos iphonesimulator";
				SUPPORTS_MACCATALYST = NO;
				SUPPORTS_MAC_DESIGNED_FOR_IPHONE_IPAD = NO;
				SUPPORTS_XR_DESIGNED_FOR_IPHONE_IPAD = NO;
				SWIFT_EMIT_LOC_STRINGS = YES;
				SWIFT_VERSION = 5.0;
				TARGETED_DEVICE_FAMILY = 1;
			};
			name = Debug;
		};
		680082A42C3E64C900ADD884 /* Release */ = {
			isa = XCBuildConfiguration;
			buildSettings = {
				ASSETCATALOG_COMPILER_APPICON_NAME = AppIcon;
				ASSETCATALOG_COMPILER_GLOBAL_ACCENT_COLOR_NAME = AccentColor;
				CODE_SIGN_STYLE = Automatic;
				CURRENT_PROJECT_VERSION = 1;
				GENERATE_INFOPLIST_FILE = YES;
				INFOPLIST_FILE = YegrWeatherEX/Info.plist;
				INFOPLIST_KEY_CFBundleDisplayName = YegrWeather;
				INFOPLIST_KEY_UIApplicationSupportsIndirectInputEvents = YES;
				INFOPLIST_KEY_UILaunchStoryboardName = LaunchScreen;
				INFOPLIST_KEY_UISupportedInterfaceOrientations = UIInterfaceOrientationPortrait;
				INFOPLIST_KEY_UISupportedInterfaceOrientations_iPad = UIInterfaceOrientationPortrait;
				IPHONEOS_DEPLOYMENT_TARGET = 16.0;
				LD_RUNPATH_SEARCH_PATHS = (
					"$(inherited)",
					"@executable_path/Frameworks",
				);
				MARKETING_VERSION = 1.0;
				PRODUCT_BUNDLE_IDENTIFIER = YJ.YegrWeatherEX;
				PRODUCT_NAME = "$(TARGET_NAME)";
				SUPPORTED_PLATFORMS = "iphoneos iphonesimulator";
				SUPPORTS_MACCATALYST = NO;
				SUPPORTS_MAC_DESIGNED_FOR_IPHONE_IPAD = NO;
				SUPPORTS_XR_DESIGNED_FOR_IPHONE_IPAD = NO;
				SWIFT_EMIT_LOC_STRINGS = YES;
				SWIFT_VERSION = 5.0;
				TARGETED_DEVICE_FAMILY = 1;
			};
			name = Release;
		};
/* End XCBuildConfiguration section */

/* Begin XCConfigurationList section */
		680082892C3E64C800ADD884 /* Build configuration list for PBXProject "YegrWeatherEX" */ = {
			isa = XCConfigurationList;
			buildConfigurations = (
				680082A02C3E64C900ADD884 /* Debug */,
				680082A12C3E64C900ADD884 /* Release */,
			);
			defaultConfigurationIsVisible = 0;
			defaultConfigurationName = Release;
		};
		680082A22C3E64C900ADD884 /* Build configuration list for PBXNativeTarget "YegrWeatherEX" */ = {
			isa = XCConfigurationList;
			buildConfigurations = (
				680082A32C3E64C900ADD884 /* Debug */,
				680082A42C3E64C900ADD884 /* Release */,
			);
			defaultConfigurationIsVisible = 0;
			defaultConfigurationName = Release;
		};
/* End XCConfigurationList section */

/* Begin XCRemoteSwiftPackageReference section */
		680082B22C3E8EF800ADD884 /* XCRemoteSwiftPackageReference "realm-swift" */ = {
			isa = XCRemoteSwiftPackageReference;
			repositoryURL = "https://github.com/realm/realm-swift.git";
			requirement = {
				kind = exactVersion;
				version = 10.52.1;
			};
		};
		680082B52C3E8F1A00ADD884 /* XCRemoteSwiftPackageReference "Alamofire" */ = {
			isa = XCRemoteSwiftPackageReference;
			repositoryURL = "https://github.com/Alamofire/Alamofire.git";
			requirement = {
				kind = upToNextMajorVersion;
				minimumVersion = 5.9.1;
			};
		};
		680082B82C3E8F2A00ADD884 /* XCRemoteSwiftPackageReference "SnapKit" */ = {
			isa = XCRemoteSwiftPackageReference;
			repositoryURL = "https://github.com/SnapKit/SnapKit.git";
			requirement = {
				kind = upToNextMajorVersion;
				minimumVersion = 5.7.1;
			};
		};
		680082BB2C3E8F3600ADD884 /* XCRemoteSwiftPackageReference "Kingfisher" */ = {
			isa = XCRemoteSwiftPackageReference;
			repositoryURL = "https://github.com/onevcat/Kingfisher.git";
			requirement = {
				kind = upToNextMajorVersion;
				minimumVersion = 7.12.0;
			};
		};
/* End XCRemoteSwiftPackageReference section */

/* Begin XCSwiftPackageProductDependency section */
		680082B32C3E8EF800ADD884 /* RealmSwift */ = {
			isa = XCSwiftPackageProductDependency;
			package = 680082B22C3E8EF800ADD884 /* XCRemoteSwiftPackageReference "realm-swift" */;
			productName = RealmSwift;
		};
		680082B62C3E8F1A00ADD884 /* Alamofire */ = {
			isa = XCSwiftPackageProductDependency;
			package = 680082B52C3E8F1A00ADD884 /* XCRemoteSwiftPackageReference "Alamofire" */;
			productName = Alamofire;
		};
		680082B92C3E8F2A00ADD884 /* SnapKit */ = {
			isa = XCSwiftPackageProductDependency;
			package = 680082B82C3E8F2A00ADD884 /* XCRemoteSwiftPackageReference "SnapKit" */;
			productName = SnapKit;
		};
		680082BC2C3E8F3600ADD884 /* Kingfisher */ = {
			isa = XCSwiftPackageProductDependency;
			package = 680082BB2C3E8F3600ADD884 /* XCRemoteSwiftPackageReference "Kingfisher" */;
			productName = Kingfisher;
		};
/* End XCSwiftPackageProductDependency section */
	};
	rootObject = 680082862C3E64C800ADD884 /* Project object */;
}
