// !$*UTF8*$!
{
	archiveVersion = 1;
	classes = {
	};
	objectVersion = 56;
	objects = {

/* Begin PBXBuildFile section */
		680082922C3E64C800ADD884 /* AppDelegate.swift in Sources */ = {isa = PBXBuildFile; fileRef = 680082912C3E64C800ADD884 /* AppDelegate.swift */; };
		680082942C3E64C800ADD884 /* SceneDelegate.swift in Sources */ = {isa = PBXBuildFile; fileRef = 680082932C3E64C800ADD884 /* SceneDelegate.swift */; };
		6800829B2C3E64C900ADD884 /* Assets.xcassets in Resources */ = {isa = PBXBuildFile; fileRef = 6800829A2C3E64C900ADD884 /* Assets.xcassets */; };
		6800829E2C3E64C900ADD884 /* Base in Resources */ = {isa = PBXBuildFile; fileRef = 6800829D2C3E64C900ADD884 /* Base */; };
		680082AF2C3E8D3500ADD884 /* .gitignore in Resources */ = {isa = PBXBuildFile; fileRef = 680082AE2C3E8D3500ADD884 /* .gitignore */; };
		680082B12C3E8D5500ADD884 /* APIKey.swift in Sources */ = {isa = PBXBuildFile; fileRef = 680082B02C3E8D5500ADD884 /* APIKey.swift */; };
		680082B72C3E8F1A00ADD884 /* Alamofire in Frameworks */ = {isa = PBXBuildFile; productRef = 680082B62C3E8F1A00ADD884 /* Alamofire */; };
		680082BA2C3E8F2A00ADD884 /* SnapKit in Frameworks */ = {isa = PBXBuildFile; productRef = 680082B92C3E8F2A00ADD884 /* SnapKit */; };
		680082BD2C3E8F3600ADD884 /* Kingfisher in Frameworks */ = {isa = PBXBuildFile; productRef = 680082BC2C3E8F3600ADD884 /* Kingfisher */; };
		680082C32C3EC7AE00ADD884 /* BaseViewController.swift in Sources */ = {isa = PBXBuildFile; fileRef = 680082C22C3EC7AE00ADD884 /* BaseViewController.swift */; };
		680082C72C3EC88000ADD884 /* BaseCollectionViewCell.swift in Sources */ = {isa = PBXBuildFile; fileRef = 680082C62C3EC88000ADD884 /* BaseCollectionViewCell.swift */; };
		680082C92C3EC88F00ADD884 /* BaseTableViewCell.swift in Sources */ = {isa = PBXBuildFile; fileRef = 680082C82C3EC88E00ADD884 /* BaseTableViewCell.swift */; };
		680082CB2C3EC8D200ADD884 /* ReusableProtocol+.swift in Sources */ = {isa = PBXBuildFile; fileRef = 680082CA2C3EC8D200ADD884 /* ReusableProtocol+.swift */; };
		680082CF2C3ED96600ADD884 /* UILabel+.swift in Sources */ = {isa = PBXBuildFile; fileRef = 680082CE2C3ED96600ADD884 /* UILabel+.swift */; };
		680082E32C3F950900ADD884 /* SearchCityViewController.swift in Sources */ = {isa = PBXBuildFile; fileRef = 680082E22C3F950900ADD884 /* SearchCityViewController.swift */; };
		680082E82C3F9E8400ADD884 /* Shift in Frameworks */ = {isa = PBXBuildFile; productRef = 680082E72C3F9E8400ADD884 /* Shift */; };
		680082EA2C3FAAB400ADD884 /* SearchTableViewCell.swift in Sources */ = {isa = PBXBuildFile; fileRef = 680082E92C3FAAB400ADD884 /* SearchTableViewCell.swift */; };
		680082F22C3FCDD600ADD884 /* APICall.swift in Sources */ = {isa = PBXBuildFile; fileRef = 680082F12C3FCDD600ADD884 /* APICall.swift */; };
		680082F42C3FD02000ADD884 /* APIRequest.swift in Sources */ = {isa = PBXBuildFile; fileRef = 680082F32C3FD02000ADD884 /* APIRequest.swift */; };
		680082F72C3FD25900ADD884 /* CurrentWeatherData.swift in Sources */ = {isa = PBXBuildFile; fileRef = 680082F62C3FD25900ADD884 /* CurrentWeatherData.swift */; };
		680082F92C41028A00ADD884 /* WeatherViewModel.swift in Sources */ = {isa = PBXBuildFile; fileRef = 680082F82C41028A00ADD884 /* WeatherViewModel.swift */; };
		680082FC2C4102DA00ADD884 /* Observable.swift in Sources */ = {isa = PBXBuildFile; fileRef = 680082FB2C4102DA00ADD884 /* Observable.swift */; };
		680082FE2C411DCB00ADD884 /* ThreeHoursWeatherData.swift in Sources */ = {isa = PBXBuildFile; fileRef = 680082FD2C411DCB00ADD884 /* ThreeHoursWeatherData.swift */; };
		680083002C412C1E00ADD884 /* DateFormatter+.swift in Sources */ = {isa = PBXBuildFile; fileRef = 680082FF2C412C1E00ADD884 /* DateFormatter+.swift */; };
		6800831A2C42963600ADD884 /* WeatherViewController.swift in Sources */ = {isa = PBXBuildFile; fileRef = 680083192C42963600ADD884 /* WeatherViewController.swift */; };
		6800831C2C42B46500ADD884 /* TodayView.swift in Sources */ = {isa = PBXBuildFile; fileRef = 6800831B2C42B46500ADD884 /* TodayView.swift */; };
		6800831F2C42B55E00ADD884 /* CurrentInfoCell.swift in Sources */ = {isa = PBXBuildFile; fileRef = 6800831E2C42B55E00ADD884 /* CurrentInfoCell.swift */; };
		680083212C42B58900ADD884 /* ThreeHoursInfoCell.swift in Sources */ = {isa = PBXBuildFile; fileRef = 680083202C42B58900ADD884 /* ThreeHoursInfoCell.swift */; };
		680083232C42B59900ADD884 /* FiveDaysInfoCell.swift in Sources */ = {isa = PBXBuildFile; fileRef = 680083222C42B59900ADD884 /* FiveDaysInfoCell.swift */; };
		680083252C42B5A500ADD884 /* LocationInfoCell.swift in Sources */ = {isa = PBXBuildFile; fileRef = 680083242C42B5A500ADD884 /* LocationInfoCell.swift */; };
		680083272C42B5B100ADD884 /* EtcInfoCell.swift in Sources */ = {isa = PBXBuildFile; fileRef = 680083262C42B5B100ADD884 /* EtcInfoCell.swift */; };
		680083292C42BF8700ADD884 /* CityList.json in Resources */ = {isa = PBXBuildFile; fileRef = 680083282C42BF8700ADD884 /* CityList.json */; };
		6800832B2C42C32900ADD884 /* WeatherView.swift in Sources */ = {isa = PBXBuildFile; fileRef = 6800832A2C42C32900ADD884 /* WeatherView.swift */; };
		6800832D2C42C6E200ADD884 /* ThreeHoursInfoInnerCell.swift in Sources */ = {isa = PBXBuildFile; fileRef = 6800832C2C42C6E200ADD884 /* ThreeHoursInfoInnerCell.swift */; };
		680083302C42D29500ADD884 /* City.swift in Sources */ = {isa = PBXBuildFile; fileRef = 6800832F2C42D29500ADD884 /* City.swift */; };
		680083322C42D2C700ADD884 /* CityRealmModel.swift in Sources */ = {isa = PBXBuildFile; fileRef = 680083312C42D2C700ADD884 /* CityRealmModel.swift */; };
		6800833E2C42D4AA00ADD884 /* CityRepository.swift in Sources */ = {isa = PBXBuildFile; fileRef = 6800833D2C42D4AA00ADD884 /* CityRepository.swift */; };
		680083402C42FB6500ADD884 /* WeatherSectionHeaderView.swift in Sources */ = {isa = PBXBuildFile; fileRef = 6800833F2C42FB6500ADD884 /* WeatherSectionHeaderView.swift */; };
		6800834D2C43A27F00ADD884 /* SearchCityViewModel.swift in Sources */ = {isa = PBXBuildFile; fileRef = 6800834C2C43A27F00ADD884 /* SearchCityViewModel.swift */; };
		680083512C43A6A400ADD884 /* MapViewController.swift in Sources */ = {isa = PBXBuildFile; fileRef = 680083502C43A6A400ADD884 /* MapViewController.swift */; };
		680083542C43B50B00ADD884 /* RealmSwift in Frameworks */ = {isa = PBXBuildFile; productRef = 680083532C43B50B00ADD884 /* RealmSwift */; };
		6843E2452C43C85200A64158 /* RealmSwift in Embed Frameworks */ = {isa = PBXBuildFile; productRef = 680083532C43B50B00ADD884 /* RealmSwift */; settings = {ATTRIBUTES = (CodeSignOnCopy, ); }; };
		6843E2502C45042700A64158 /* UISearchBar+.swift in Sources */ = {isa = PBXBuildFile; fileRef = 6843E24F2C45042700A64158 /* UISearchBar+.swift */; };
		6843E2522C4504D400A64158 /* UITableView+.swift in Sources */ = {isa = PBXBuildFile; fileRef = 6843E2512C4504D400A64158 /* UITableView+.swift */; };
		6843E2542C45064300A64158 /* UIStackView+.swift in Sources */ = {isa = PBXBuildFile; fileRef = 6843E2532C45064300A64158 /* UIStackView+.swift */; };
/* End PBXBuildFile section */

/* Begin PBXCopyFilesBuildPhase section */
		6843E2462C43C85200A64158 /* Embed Frameworks */ = {
			isa = PBXCopyFilesBuildPhase;
			buildActionMask = 2147483647;
			dstPath = "";
			dstSubfolderSpec = 10;
			files = (
				6843E2452C43C85200A64158 /* RealmSwift in Embed Frameworks */,
			);
			name = "Embed Frameworks";
			runOnlyForDeploymentPostprocessing = 0;
		};
/* End PBXCopyFilesBuildPhase section */

/* Begin PBXFileReference section */
		6800828E2C3E64C800ADD884 /* YegrWeatherEX.app */ = {isa = PBXFileReference; explicitFileType = wrapper.application; includeInIndex = 0; path = YegrWeatherEX.app; sourceTree = BUILT_PRODUCTS_DIR; };
		680082912C3E64C800ADD884 /* AppDelegate.swift */ = {isa = PBXFileReference; lastKnownFileType = sourcecode.swift; path = AppDelegate.swift; sourceTree = "<group>"; };
		680082932C3E64C800ADD884 /* SceneDelegate.swift */ = {isa = PBXFileReference; lastKnownFileType = sourcecode.swift; path = SceneDelegate.swift; sourceTree = "<group>"; };
		6800829A2C3E64C900ADD884 /* Assets.xcassets */ = {isa = PBXFileReference; lastKnownFileType = folder.assetcatalog; path = Assets.xcassets; sourceTree = "<group>"; };
		6800829D2C3E64C900ADD884 /* Base */ = {isa = PBXFileReference; lastKnownFileType = file.storyboard; name = Base; path = Base.lproj/LaunchScreen.storyboard; sourceTree = "<group>"; };
		6800829F2C3E64C900ADD884 /* Info.plist */ = {isa = PBXFileReference; lastKnownFileType = text.plist.xml; path = Info.plist; sourceTree = "<group>"; };
		680082AE2C3E8D3500ADD884 /* .gitignore */ = {isa = PBXFileReference; lastKnownFileType = text; path = .gitignore; sourceTree = "<group>"; };
		680082B02C3E8D5500ADD884 /* APIKey.swift */ = {isa = PBXFileReference; lastKnownFileType = sourcecode.swift; path = APIKey.swift; sourceTree = "<group>"; };
		680082C22C3EC7AE00ADD884 /* BaseViewController.swift */ = {isa = PBXFileReference; lastKnownFileType = sourcecode.swift; path = BaseViewController.swift; sourceTree = "<group>"; };
		680082C62C3EC88000ADD884 /* BaseCollectionViewCell.swift */ = {isa = PBXFileReference; lastKnownFileType = sourcecode.swift; path = BaseCollectionViewCell.swift; sourceTree = "<group>"; };
		680082C82C3EC88E00ADD884 /* BaseTableViewCell.swift */ = {isa = PBXFileReference; lastKnownFileType = sourcecode.swift; path = BaseTableViewCell.swift; sourceTree = "<group>"; };
		680082CA2C3EC8D200ADD884 /* ReusableProtocol+.swift */ = {isa = PBXFileReference; lastKnownFileType = sourcecode.swift; path = "ReusableProtocol+.swift"; sourceTree = "<group>"; };
		680082CE2C3ED96600ADD884 /* UILabel+.swift */ = {isa = PBXFileReference; lastKnownFileType = sourcecode.swift; path = "UILabel+.swift"; sourceTree = "<group>"; };
		680082E22C3F950900ADD884 /* SearchCityViewController.swift */ = {isa = PBXFileReference; lastKnownFileType = sourcecode.swift; path = SearchCityViewController.swift; sourceTree = "<group>"; };
		680082E92C3FAAB400ADD884 /* SearchTableViewCell.swift */ = {isa = PBXFileReference; lastKnownFileType = sourcecode.swift; path = SearchTableViewCell.swift; sourceTree = "<group>"; };
		680082F12C3FCDD600ADD884 /* APICall.swift */ = {isa = PBXFileReference; lastKnownFileType = sourcecode.swift; path = APICall.swift; sourceTree = "<group>"; };
		680082F32C3FD02000ADD884 /* APIRequest.swift */ = {isa = PBXFileReference; lastKnownFileType = sourcecode.swift; path = APIRequest.swift; sourceTree = "<group>"; };
		680082F62C3FD25900ADD884 /* CurrentWeatherData.swift */ = {isa = PBXFileReference; lastKnownFileType = sourcecode.swift; path = CurrentWeatherData.swift; sourceTree = "<group>"; };
		680082F82C41028A00ADD884 /* WeatherViewModel.swift */ = {isa = PBXFileReference; lastKnownFileType = sourcecode.swift; path = WeatherViewModel.swift; sourceTree = "<group>"; };
		680082FB2C4102DA00ADD884 /* Observable.swift */ = {isa = PBXFileReference; lastKnownFileType = sourcecode.swift; path = Observable.swift; sourceTree = "<group>"; };
		680082FD2C411DCB00ADD884 /* ThreeHoursWeatherData.swift */ = {isa = PBXFileReference; lastKnownFileType = sourcecode.swift; path = ThreeHoursWeatherData.swift; sourceTree = "<group>"; };
		680082FF2C412C1E00ADD884 /* DateFormatter+.swift */ = {isa = PBXFileReference; lastKnownFileType = sourcecode.swift; path = "DateFormatter+.swift"; sourceTree = "<group>"; };
		680083192C42963600ADD884 /* WeatherViewController.swift */ = {isa = PBXFileReference; lastKnownFileType = sourcecode.swift; path = WeatherViewController.swift; sourceTree = "<group>"; };
		6800831B2C42B46500ADD884 /* TodayView.swift */ = {isa = PBXFileReference; lastKnownFileType = sourcecode.swift; path = TodayView.swift; sourceTree = "<group>"; };
		6800831E2C42B55E00ADD884 /* CurrentInfoCell.swift */ = {isa = PBXFileReference; lastKnownFileType = sourcecode.swift; path = CurrentInfoCell.swift; sourceTree = "<group>"; };
		680083202C42B58900ADD884 /* ThreeHoursInfoCell.swift */ = {isa = PBXFileReference; lastKnownFileType = sourcecode.swift; path = ThreeHoursInfoCell.swift; sourceTree = "<group>"; };
		680083222C42B59900ADD884 /* FiveDaysInfoCell.swift */ = {isa = PBXFileReference; lastKnownFileType = sourcecode.swift; path = FiveDaysInfoCell.swift; sourceTree = "<group>"; };
		680083242C42B5A500ADD884 /* LocationInfoCell.swift */ = {isa = PBXFileReference; lastKnownFileType = sourcecode.swift; path = LocationInfoCell.swift; sourceTree = "<group>"; };
		680083262C42B5B100ADD884 /* EtcInfoCell.swift */ = {isa = PBXFileReference; lastKnownFileType = sourcecode.swift; path = EtcInfoCell.swift; sourceTree = "<group>"; };
		680083282C42BF8700ADD884 /* CityList.json */ = {isa = PBXFileReference; lastKnownFileType = text.json; path = CityList.json; sourceTree = "<group>"; };
		6800832A2C42C32900ADD884 /* WeatherView.swift */ = {isa = PBXFileReference; lastKnownFileType = sourcecode.swift; path = WeatherView.swift; sourceTree = "<group>"; };
		6800832C2C42C6E200ADD884 /* ThreeHoursInfoInnerCell.swift */ = {isa = PBXFileReference; lastKnownFileType = sourcecode.swift; path = ThreeHoursInfoInnerCell.swift; sourceTree = "<group>"; };
		6800832F2C42D29500ADD884 /* City.swift */ = {isa = PBXFileReference; lastKnownFileType = sourcecode.swift; path = City.swift; sourceTree = "<group>"; };
		680083312C42D2C700ADD884 /* CityRealmModel.swift */ = {isa = PBXFileReference; lastKnownFileType = sourcecode.swift; path = CityRealmModel.swift; sourceTree = "<group>"; };
		6800833D2C42D4AA00ADD884 /* CityRepository.swift */ = {isa = PBXFileReference; lastKnownFileType = sourcecode.swift; path = CityRepository.swift; sourceTree = "<group>"; };
		6800833F2C42FB6500ADD884 /* WeatherSectionHeaderView.swift */ = {isa = PBXFileReference; lastKnownFileType = sourcecode.swift; path = WeatherSectionHeaderView.swift; sourceTree = "<group>"; };
		6800834C2C43A27F00ADD884 /* SearchCityViewModel.swift */ = {isa = PBXFileReference; lastKnownFileType = sourcecode.swift; path = SearchCityViewModel.swift; sourceTree = "<group>"; };
		680083502C43A6A400ADD884 /* MapViewController.swift */ = {isa = PBXFileReference; lastKnownFileType = sourcecode.swift; path = MapViewController.swift; sourceTree = "<group>"; };
		6843E24F2C45042700A64158 /* UISearchBar+.swift */ = {isa = PBXFileReference; lastKnownFileType = sourcecode.swift; path = "UISearchBar+.swift"; sourceTree = "<group>"; };
		6843E2512C4504D400A64158 /* UITableView+.swift */ = {isa = PBXFileReference; lastKnownFileType = sourcecode.swift; path = "UITableView+.swift"; sourceTree = "<group>"; };
		6843E2532C45064300A64158 /* UIStackView+.swift */ = {isa = PBXFileReference; lastKnownFileType = sourcecode.swift; path = "UIStackView+.swift"; sourceTree = "<group>"; };
/* End PBXFileReference section */

/* Begin PBXFrameworksBuildPhase section */
		6800828B2C3E64C800ADD884 /* Frameworks */ = {
			isa = PBXFrameworksBuildPhase;
			buildActionMask = 2147483647;
			files = (
				680082E82C3F9E8400ADD884 /* Shift in Frameworks */,
				680082BD2C3E8F3600ADD884 /* Kingfisher in Frameworks */,
				680082BA2C3E8F2A00ADD884 /* SnapKit in Frameworks */,
				680083542C43B50B00ADD884 /* RealmSwift in Frameworks */,
				680082B72C3E8F1A00ADD884 /* Alamofire in Frameworks */,
			);
			runOnlyForDeploymentPostprocessing = 0;
		};
/* End PBXFrameworksBuildPhase section */

/* Begin PBXGroup section */
		680082852C3E64C800ADD884 = {
			isa = PBXGroup;
			children = (
				680082AE2C3E8D3500ADD884 /* .gitignore */,
				680082902C3E64C800ADD884 /* YegrWeatherEX */,
				6800828F2C3E64C800ADD884 /* Products */,
			);
			sourceTree = "<group>";
		};
		6800828F2C3E64C800ADD884 /* Products */ = {
			isa = PBXGroup;
			children = (
				6800828E2C3E64C800ADD884 /* YegrWeatherEX.app */,
			);
			name = Products;
			sourceTree = "<group>";
		};
		680082902C3E64C800ADD884 /* YegrWeatherEX */ = {
			isa = PBXGroup;
			children = (
				680082912C3E64C800ADD884 /* AppDelegate.swift */,
				680082932C3E64C800ADD884 /* SceneDelegate.swift */,
				6800829A2C3E64C900ADD884 /* Assets.xcassets */,
				6800829C2C3E64C900ADD884 /* LaunchScreen.storyboard */,
				6800832E2C42D26400ADD884 /* DataBase */,
				680082BF2C3EC36500ADD884 /* API */,
				680082F52C3FD23600ADD884 /* Model */,
				680082C02C3EC37600ADD884 /* Extension */,
				680082FA2C4102C300ADD884 /* Observable */,
				680082C12C3EC79B00ADD884 /* Base */,
				680082BE2C3EC34400ADD884 /* Weather */,
				680082D82C3F600D00ADD884 /* Search */,
				6800834E2C43A68800ADD884 /* Map */,
				6800829F2C3E64C900ADD884 /* Info.plist */,
				680082B02C3E8D5500ADD884 /* APIKey.swift */,
				680083282C42BF8700ADD884 /* CityList.json */,
			);
			path = YegrWeatherEX;
			sourceTree = "<group>";
		};
		680082BE2C3EC34400ADD884 /* Weather */ = {
			isa = PBXGroup;
			children = (
				680083472C42FD0100ADD884 /* VC */,
				680083482C42FD0800ADD884 /* ViewModel */,
				680082D32C3EE88A00ADD884 /* View */,
				680082D42C3EE88F00ADD884 /* Cell */,
			);
			path = Weather;
			sourceTree = "<group>";
		};
		680082BF2C3EC36500ADD884 /* API */ = {
			isa = PBXGroup;
			children = (
				680082F12C3FCDD600ADD884 /* APICall.swift */,
				680082F32C3FD02000ADD884 /* APIRequest.swift */,
			);
			path = API;
			sourceTree = "<group>";
		};
		680082C02C3EC37600ADD884 /* Extension */ = {
			isa = PBXGroup;
			children = (
				680082CA2C3EC8D200ADD884 /* ReusableProtocol+.swift */,
				680082CE2C3ED96600ADD884 /* UILabel+.swift */,
				680082FF2C412C1E00ADD884 /* DateFormatter+.swift */,
				6843E24F2C45042700A64158 /* UISearchBar+.swift */,
				6843E2512C4504D400A64158 /* UITableView+.swift */,
				6843E2532C45064300A64158 /* UIStackView+.swift */,
			);
			path = Extension;
			sourceTree = "<group>";
		};
		680082C12C3EC79B00ADD884 /* Base */ = {
			isa = PBXGroup;
			children = (
				680082C22C3EC7AE00ADD884 /* BaseViewController.swift */,
				680082C62C3EC88000ADD884 /* BaseCollectionViewCell.swift */,
				680082C82C3EC88E00ADD884 /* BaseTableViewCell.swift */,
			);
			path = Base;
			sourceTree = "<group>";
		};
		680082D32C3EE88A00ADD884 /* View */ = {
			isa = PBXGroup;
			children = (
				6800832A2C42C32900ADD884 /* WeatherView.swift */,
				6800831B2C42B46500ADD884 /* TodayView.swift */,
			);
			path = View;
			sourceTree = "<group>";
		};
		680082D42C3EE88F00ADD884 /* Cell */ = {
			isa = PBXGroup;
			children = (
				680083412C42FC6100ADD884 /* Header */,
				680083422C42FC6F00ADD884 /* Current */,
				680083432C42FC7800ADD884 /* ThreeHours */,
				680083442C42FC9D00ADD884 /* FiveDays */,
				680083452C42FCA900ADD884 /* Location */,
				680083462C42FCB200ADD884 /* Etc */,
			);
			path = Cell;
			sourceTree = "<group>";
		};
		680082D82C3F600D00ADD884 /* Search */ = {
			isa = PBXGroup;
			children = (
				6800834B2C43A26F00ADD884 /* ViewModel */,
				680083492C42FD2100ADD884 /* VC */,
				6800834A2C42FD2600ADD884 /* Cell */,
			);
			path = Search;
			sourceTree = "<group>";
		};
		680082F52C3FD23600ADD884 /* Model */ = {
			isa = PBXGroup;
			children = (
				680082F62C3FD25900ADD884 /* CurrentWeatherData.swift */,
				680082FD2C411DCB00ADD884 /* ThreeHoursWeatherData.swift */,
				6800832F2C42D29500ADD884 /* City.swift */,
			);
			path = Model;
			sourceTree = "<group>";
		};
		680082FA2C4102C300ADD884 /* Observable */ = {
			isa = PBXGroup;
			children = (
				680082FB2C4102DA00ADD884 /* Observable.swift */,
			);
			path = Observable;
			sourceTree = "<group>";
		};
		6800832E2C42D26400ADD884 /* DataBase */ = {
			isa = PBXGroup;
			children = (
				680083312C42D2C700ADD884 /* CityRealmModel.swift */,
				6800833D2C42D4AA00ADD884 /* CityRepository.swift */,
			);
			path = DataBase;
			sourceTree = "<group>";
		};
		680083412C42FC6100ADD884 /* Header */ = {
			isa = PBXGroup;
			children = (
				6800833F2C42FB6500ADD884 /* WeatherSectionHeaderView.swift */,
			);
			path = Header;
			sourceTree = "<group>";
		};
		680083422C42FC6F00ADD884 /* Current */ = {
			isa = PBXGroup;
			children = (
				6800831E2C42B55E00ADD884 /* CurrentInfoCell.swift */,
			);
			path = Current;
			sourceTree = "<group>";
		};
		680083432C42FC7800ADD884 /* ThreeHours */ = {
			isa = PBXGroup;
			children = (
				680083202C42B58900ADD884 /* ThreeHoursInfoCell.swift */,
				6800832C2C42C6E200ADD884 /* ThreeHoursInfoInnerCell.swift */,
			);
			path = ThreeHours;
			sourceTree = "<group>";
		};
		680083442C42FC9D00ADD884 /* FiveDays */ = {
			isa = PBXGroup;
			children = (
				680083222C42B59900ADD884 /* FiveDaysInfoCell.swift */,
			);
			path = FiveDays;
			sourceTree = "<group>";
		};
		680083452C42FCA900ADD884 /* Location */ = {
			isa = PBXGroup;
			children = (
				680083242C42B5A500ADD884 /* LocationInfoCell.swift */,
			);
			path = Location;
			sourceTree = "<group>";
		};
		680083462C42FCB200ADD884 /* Etc */ = {
			isa = PBXGroup;
			children = (
				680083262C42B5B100ADD884 /* EtcInfoCell.swift */,
			);
			path = Etc;
			sourceTree = "<group>";
		};
		680083472C42FD0100ADD884 /* VC */ = {
			isa = PBXGroup;
			children = (
				680083192C42963600ADD884 /* WeatherViewController.swift */,
			);
			path = VC;
			sourceTree = "<group>";
		};
		680083482C42FD0800ADD884 /* ViewModel */ = {
			isa = PBXGroup;
			children = (
				680082F82C41028A00ADD884 /* WeatherViewModel.swift */,
			);
			path = ViewModel;
			sourceTree = "<group>";
		};
		680083492C42FD2100ADD884 /* VC */ = {
			isa = PBXGroup;
			children = (
				680082E22C3F950900ADD884 /* SearchCityViewController.swift */,
			);
			path = VC;
			sourceTree = "<group>";
		};
		6800834A2C42FD2600ADD884 /* Cell */ = {
			isa = PBXGroup;
			children = (
				680082E92C3FAAB400ADD884 /* SearchTableViewCell.swift */,
			);
			path = Cell;
			sourceTree = "<group>";
		};
		6800834B2C43A26F00ADD884 /* ViewModel */ = {
			isa = PBXGroup;
			children = (
				6800834C2C43A27F00ADD884 /* SearchCityViewModel.swift */,
			);
			path = ViewModel;
			sourceTree = "<group>";
		};
		6800834E2C43A68800ADD884 /* Map */ = {
			isa = PBXGroup;
			children = (
				6800834F2C43A69300ADD884 /* VC */,
			);
			path = Map;
			sourceTree = "<group>";
		};
		6800834F2C43A69300ADD884 /* VC */ = {
			isa = PBXGroup;
			children = (
				680083502C43A6A400ADD884 /* MapViewController.swift */,
			);
			path = VC;
			sourceTree = "<group>";
		};
/* End PBXGroup section */

/* Begin PBXNativeTarget section */
		6800828D2C3E64C800ADD884 /* YegrWeatherEX */ = {
			isa = PBXNativeTarget;
			buildConfigurationList = 680082A22C3E64C900ADD884 /* Build configuration list for PBXNativeTarget "YegrWeatherEX" */;
			buildPhases = (
				6800828A2C3E64C800ADD884 /* Sources */,
				6800828B2C3E64C800ADD884 /* Frameworks */,
				6800828C2C3E64C800ADD884 /* Resources */,
				6843E2462C43C85200A64158 /* Embed Frameworks */,
			);
			buildRules = (
			);
			dependencies = (
			);
			name = YegrWeatherEX;
			packageProductDependencies = (
				680082B62C3E8F1A00ADD884 /* Alamofire */,
				680082B92C3E8F2A00ADD884 /* SnapKit */,
				680082BC2C3E8F3600ADD884 /* Kingfisher */,
				680082E72C3F9E8400ADD884 /* Shift */,
				680083532C43B50B00ADD884 /* RealmSwift */,
			);
			productName = YegrWeatherEX;
			productReference = 6800828E2C3E64C800ADD884 /* YegrWeatherEX.app */;
			productType = "com.apple.product-type.application";
		};
/* End PBXNativeTarget section */

/* Begin PBXProject section */
		680082862C3E64C800ADD884 /* Project object */ = {
			isa = PBXProject;
			attributes = {
				BuildIndependentTargetsInParallel = 1;
				LastSwiftUpdateCheck = 1540;
				LastUpgradeCheck = 1540;
				TargetAttributes = {
					6800828D2C3E64C800ADD884 = {
						CreatedOnToolsVersion = 15.4;
					};
				};
			};
			buildConfigurationList = 680082892C3E64C800ADD884 /* Build configuration list for PBXProject "YegrWeatherEX" */;
			compatibilityVersion = "Xcode 14.0";
			developmentRegion = en;
			hasScannedForEncodings = 0;
			knownRegions = (
				en,
				Base,
			);
			mainGroup = 680082852C3E64C800ADD884;
			packageReferences = (
				680082B52C3E8F1A00ADD884 /* XCRemoteSwiftPackageReference "Alamofire" */,
				680082B82C3E8F2A00ADD884 /* XCRemoteSwiftPackageReference "SnapKit" */,
				680082BB2C3E8F3600ADD884 /* XCRemoteSwiftPackageReference "Kingfisher" */,
				680082E62C3F9E8400ADD884 /* XCRemoteSwiftPackageReference "Shift" */,
				680083522C43B50B00ADD884 /* XCRemoteSwiftPackageReference "realm-swift" */,
			);
			productRefGroup = 6800828F2C3E64C800ADD884 /* Products */;
			projectDirPath = "";
			projectRoot = "";
			targets = (
				6800828D2C3E64C800ADD884 /* YegrWeatherEX */,
			);
		};
/* End PBXProject section */

/* Begin PBXResourcesBuildPhase section */
		6800828C2C3E64C800ADD884 /* Resources */ = {
			isa = PBXResourcesBuildPhase;
			buildActionMask = 2147483647;
			files = (
				680082AF2C3E8D3500ADD884 /* .gitignore in Resources */,
				6800829B2C3E64C900ADD884 /* Assets.xcassets in Resources */,
				680083292C42BF8700ADD884 /* CityList.json in Resources */,
				6800829E2C3E64C900ADD884 /* Base in Resources */,
			);
			runOnlyForDeploymentPostprocessing = 0;
		};
/* End PBXResourcesBuildPhase section */

/* Begin PBXSourcesBuildPhase section */
		6800828A2C3E64C800ADD884 /* Sources */ = {
			isa = PBXSourcesBuildPhase;
			buildActionMask = 2147483647;
			files = (
				6843E2542C45064300A64158 /* UIStackView+.swift in Sources */,
				680082FC2C4102DA00ADD884 /* Observable.swift in Sources */,
				680082C32C3EC7AE00ADD884 /* BaseViewController.swift in Sources */,
				680083322C42D2C700ADD884 /* CityRealmModel.swift in Sources */,
				680083302C42D29500ADD884 /* City.swift in Sources */,
				6800832D2C42C6E200ADD884 /* ThreeHoursInfoInnerCell.swift in Sources */,
				6800833E2C42D4AA00ADD884 /* CityRepository.swift in Sources */,
				680083002C412C1E00ADD884 /* DateFormatter+.swift in Sources */,
				680082F22C3FCDD600ADD884 /* APICall.swift in Sources */,
				680083402C42FB6500ADD884 /* WeatherSectionHeaderView.swift in Sources */,
				6800831C2C42B46500ADD884 /* TodayView.swift in Sources */,
				680083272C42B5B100ADD884 /* EtcInfoCell.swift in Sources */,
				6843E2522C4504D400A64158 /* UITableView+.swift in Sources */,
				680082CF2C3ED96600ADD884 /* UILabel+.swift in Sources */,
				6800831A2C42963600ADD884 /* WeatherViewController.swift in Sources */,
				680082CB2C3EC8D200ADD884 /* ReusableProtocol+.swift in Sources */,
				680083232C42B59900ADD884 /* FiveDaysInfoCell.swift in Sources */,
				680083512C43A6A400ADD884 /* MapViewController.swift in Sources */,
				680082922C3E64C800ADD884 /* AppDelegate.swift in Sources */,
				680082E32C3F950900ADD884 /* SearchCityViewController.swift in Sources */,
				680082B12C3E8D5500ADD884 /* APIKey.swift in Sources */,
				6800831F2C42B55E00ADD884 /* CurrentInfoCell.swift in Sources */,
				6800832B2C42C32900ADD884 /* WeatherView.swift in Sources */,
				680082C92C3EC88F00ADD884 /* BaseTableViewCell.swift in Sources */,
				6800834D2C43A27F00ADD884 /* SearchCityViewModel.swift in Sources */,
				680082942C3E64C800ADD884 /* SceneDelegate.swift in Sources */,
				6843E2502C45042700A64158 /* UISearchBar+.swift in Sources */,
				680082F72C3FD25900ADD884 /* CurrentWeatherData.swift in Sources */,
				680082C72C3EC88000ADD884 /* BaseCollectionViewCell.swift in Sources */,
				680082F42C3FD02000ADD884 /* APIRequest.swift in Sources */,
				680082FE2C411DCB00ADD884 /* ThreeHoursWeatherData.swift in Sources */,
				680082EA2C3FAAB400ADD884 /* SearchTableViewCell.swift in Sources */,
				680083252C42B5A500ADD884 /* LocationInfoCell.swift in Sources */,
				680083212C42B58900ADD884 /* ThreeHoursInfoCell.swift in Sources */,
				680082F92C41028A00ADD884 /* WeatherViewModel.swift in Sources */,
			);
			runOnlyForDeploymentPostprocessing = 0;
		};
/* End PBXSourcesBuildPhase section */

/* Begin PBXVariantGroup section */
		6800829C2C3E64C900ADD884 /* LaunchScreen.storyboard */ = {
			isa = PBXVariantGroup;
			children = (
				6800829D2C3E64C900ADD884 /* Base */,
			);
			name = LaunchScreen.storyboard;
			sourceTree = "<group>";
		};
/* End PBXVariantGroup section */

/* Begin XCBuildConfiguration section */
		680082A02C3E64C900ADD884 /* Debug */ = {
			isa = XCBuildConfiguration;
			buildSettings = {
				ALWAYS_SEARCH_USER_PATHS = NO;
				ASSETCATALOG_COMPILER_GENERATE_SWIFT_ASSET_SYMBOL_EXTENSIONS = YES;
				CLANG_ANALYZER_NONNULL = YES;
				CLANG_ANALYZER_NUMBER_OBJECT_CONVERSION = YES_AGGRESSIVE;
				CLANG_CXX_LANGUAGE_STANDARD = "gnu++20";
				CLANG_ENABLE_MODULES = YES;
				CLANG_ENABLE_OBJC_ARC = YES;
				CLANG_ENABLE_OBJC_WEAK = YES;
				CLANG_WARN_BLOCK_CAPTURE_AUTORELEASING = YES;
				CLANG_WARN_BOOL_CONVERSION = YES;
				CLANG_WARN_COMMA = YES;
				CLANG_WARN_CONSTANT_CONVERSION = YES;
				CLANG_WARN_DEPRECATED_OBJC_IMPLEMENTATIONS = YES;
				CLANG_WARN_DIRECT_OBJC_ISA_USAGE = YES_ERROR;
				CLANG_WARN_DOCUMENTATION_COMMENTS = YES;
				CLANG_WARN_EMPTY_BODY = YES;
				CLANG_WARN_ENUM_CONVERSION = YES;
				CLANG_WARN_INFINITE_RECURSION = YES;
				CLANG_WARN_INT_CONVERSION = YES;
				CLANG_WARN_NON_LITERAL_NULL_CONVERSION = YES;
				CLANG_WARN_OBJC_IMPLICIT_RETAIN_SELF = YES;
				CLANG_WARN_OBJC_LITERAL_CONVERSION = YES;
				CLANG_WARN_OBJC_ROOT_CLASS = YES_ERROR;
				CLANG_WARN_QUOTED_INCLUDE_IN_FRAMEWORK_HEADER = YES;
				CLANG_WARN_RANGE_LOOP_ANALYSIS = YES;
				CLANG_WARN_STRICT_PROTOTYPES = YES;
				CLANG_WARN_SUSPICIOUS_MOVE = YES;
				CLANG_WARN_UNGUARDED_AVAILABILITY = YES_AGGRESSIVE;
				CLANG_WARN_UNREACHABLE_CODE = YES;
				CLANG_WARN__DUPLICATE_METHOD_MATCH = YES;
				COPY_PHASE_STRIP = NO;
				DEBUG_INFORMATION_FORMAT = dwarf;
				ENABLE_STRICT_OBJC_MSGSEND = YES;
				ENABLE_TESTABILITY = YES;
				ENABLE_USER_SCRIPT_SANDBOXING = YES;
				GCC_C_LANGUAGE_STANDARD = gnu17;
				GCC_DYNAMIC_NO_PIC = NO;
				GCC_NO_COMMON_BLOCKS = YES;
				GCC_OPTIMIZATION_LEVEL = 0;
				GCC_PREPROCESSOR_DEFINITIONS = (
					"DEBUG=1",
					"$(inherited)",
				);
				GCC_WARN_64_TO_32_BIT_CONVERSION = YES;
				GCC_WARN_ABOUT_RETURN_TYPE = YES_ERROR;
				GCC_WARN_UNDECLARED_SELECTOR = YES;
				GCC_WARN_UNINITIALIZED_AUTOS = YES_AGGRESSIVE;
				GCC_WARN_UNUSED_FUNCTION = YES;
				GCC_WARN_UNUSED_VARIABLE = YES;
				IPHONEOS_DEPLOYMENT_TARGET = 17.5;
				LOCALIZATION_PREFERS_STRING_CATALOGS = YES;
				MTL_ENABLE_DEBUG_INFO = INCLUDE_SOURCE;
				MTL_FAST_MATH = YES;
				ONLY_ACTIVE_ARCH = YES;
				SDKROOT = iphoneos;
				SWIFT_ACTIVE_COMPILATION_CONDITIONS = "DEBUG $(inherited)";
				SWIFT_OPTIMIZATION_LEVEL = "-Onone";
			};
			name = Debug;
		};
		680082A12C3E64C900ADD884 /* Release */ = {
			isa = XCBuildConfiguration;
			buildSettings = {
				ALWAYS_SEARCH_USER_PATHS = NO;
				ASSETCATALOG_COMPILER_GENERATE_SWIFT_ASSET_SYMBOL_EXTENSIONS = YES;
				CLANG_ANALYZER_NONNULL = YES;
				CLANG_ANALYZER_NUMBER_OBJECT_CONVERSION = YES_AGGRESSIVE;
				CLANG_CXX_LANGUAGE_STANDARD = "gnu++20";
				CLANG_ENABLE_MODULES = YES;
				CLANG_ENABLE_OBJC_ARC = YES;
				CLANG_ENABLE_OBJC_WEAK = YES;
				CLANG_WARN_BLOCK_CAPTURE_AUTORELEASING = YES;
				CLANG_WARN_BOOL_CONVERSION = YES;
				CLANG_WARN_COMMA = YES;
				CLANG_WARN_CONSTANT_CONVERSION = YES;
				CLANG_WARN_DEPRECATED_OBJC_IMPLEMENTATIONS = YES;
				CLANG_WARN_DIRECT_OBJC_ISA_USAGE = YES_ERROR;
				CLANG_WARN_DOCUMENTATION_COMMENTS = YES;
				CLANG_WARN_EMPTY_BODY = YES;
				CLANG_WARN_ENUM_CONVERSION = YES;
				CLANG_WARN_INFINITE_RECURSION = YES;
				CLANG_WARN_INT_CONVERSION = YES;
				CLANG_WARN_NON_LITERAL_NULL_CONVERSION = YES;
				CLANG_WARN_OBJC_IMPLICIT_RETAIN_SELF = YES;
				CLANG_WARN_OBJC_LITERAL_CONVERSION = YES;
				CLANG_WARN_OBJC_ROOT_CLASS = YES_ERROR;
				CLANG_WARN_QUOTED_INCLUDE_IN_FRAMEWORK_HEADER = YES;
				CLANG_WARN_RANGE_LOOP_ANALYSIS = YES;
				CLANG_WARN_STRICT_PROTOTYPES = YES;
				CLANG_WARN_SUSPICIOUS_MOVE = YES;
				CLANG_WARN_UNGUARDED_AVAILABILITY = YES_AGGRESSIVE;
				CLANG_WARN_UNREACHABLE_CODE = YES;
				CLANG_WARN__DUPLICATE_METHOD_MATCH = YES;
				COPY_PHASE_STRIP = NO;
				DEBUG_INFORMATION_FORMAT = "dwarf-with-dsym";
				ENABLE_NS_ASSERTIONS = NO;
				ENABLE_STRICT_OBJC_MSGSEND = YES;
				ENABLE_USER_SCRIPT_SANDBOXING = YES;
				GCC_C_LANGUAGE_STANDARD = gnu17;
				GCC_NO_COMMON_BLOCKS = YES;
				GCC_WARN_64_TO_32_BIT_CONVERSION = YES;
				GCC_WARN_ABOUT_RETURN_TYPE = YES_ERROR;
				GCC_WARN_UNDECLARED_SELECTOR = YES;
				GCC_WARN_UNINITIALIZED_AUTOS = YES_AGGRESSIVE;
				GCC_WARN_UNUSED_FUNCTION = YES;
				GCC_WARN_UNUSED_VARIABLE = YES;
				IPHONEOS_DEPLOYMENT_TARGET = 17.5;
				LOCALIZATION_PREFERS_STRING_CATALOGS = YES;
				MTL_ENABLE_DEBUG_INFO = NO;
				MTL_FAST_MATH = YES;
				SDKROOT = iphoneos;
				SWIFT_COMPILATION_MODE = wholemodule;
				VALIDATE_PRODUCT = YES;
			};
			name = Release;
		};
		680082A32C3E64C900ADD884 /* Debug */ = {
			isa = XCBuildConfiguration;
			buildSettings = {
				ASSETCATALOG_COMPILER_APPICON_NAME = AppIcon;
				ASSETCATALOG_COMPILER_GLOBAL_ACCENT_COLOR_NAME = AccentColor;
				CODE_SIGN_STYLE = Automatic;
				CURRENT_PROJECT_VERSION = 1;
				DEVELOPMENT_TEAM = 3G6N8FDHBM;
				GENERATE_INFOPLIST_FILE = YES;
				INFOPLIST_FILE = YegrWeatherEX/Info.plist;
				INFOPLIST_KEY_CFBundleDisplayName = YegrWeather;
				INFOPLIST_KEY_UIApplicationSupportsIndirectInputEvents = YES;
				INFOPLIST_KEY_UILaunchStoryboardName = LaunchScreen;
				INFOPLIST_KEY_UISupportedInterfaceOrientations = UIInterfaceOrientationPortrait;
				INFOPLIST_KEY_UISupportedInterfaceOrientations_iPad = UIInterfaceOrientationPortrait;
				IPHONEOS_DEPLOYMENT_TARGET = 16.0;
				LD_RUNPATH_SEARCH_PATHS = (
					"$(inherited)",
					"@executable_path/Frameworks",
				);
				MARKETING_VERSION = 1.0;
				PRODUCT_BUNDLE_IDENTIFIER = YJ.YegrWeatherEX;
				PRODUCT_NAME = "$(TARGET_NAME)";
				SUPPORTED_PLATFORMS = "iphoneos iphonesimulator";
				SUPPORTS_MACCATALYST = NO;
				SUPPORTS_MAC_DESIGNED_FOR_IPHONE_IPAD = NO;
				SUPPORTS_XR_DESIGNED_FOR_IPHONE_IPAD = NO;
				SWIFT_EMIT_LOC_STRINGS = YES;
				SWIFT_VERSION = 5.0;
				TARGETED_DEVICE_FAMILY = 1;
			};
			name = Debug;
		};
		680082A42C3E64C900ADD884 /* Release */ = {
			isa = XCBuildConfiguration;
			buildSettings = {
				ASSETCATALOG_COMPILER_APPICON_NAME = AppIcon;
				ASSETCATALOG_COMPILER_GLOBAL_ACCENT_COLOR_NAME = AccentColor;
				CODE_SIGN_STYLE = Automatic;
				CURRENT_PROJECT_VERSION = 1;
				DEVELOPMENT_TEAM = 3G6N8FDHBM;
				GENERATE_INFOPLIST_FILE = YES;
				INFOPLIST_FILE = YegrWeatherEX/Info.plist;
				INFOPLIST_KEY_CFBundleDisplayName = YegrWeather;
				INFOPLIST_KEY_UIApplicationSupportsIndirectInputEvents = YES;
				INFOPLIST_KEY_UILaunchStoryboardName = LaunchScreen;
				INFOPLIST_KEY_UISupportedInterfaceOrientations = UIInterfaceOrientationPortrait;
				INFOPLIST_KEY_UISupportedInterfaceOrientations_iPad = UIInterfaceOrientationPortrait;
				IPHONEOS_DEPLOYMENT_TARGET = 16.0;
				LD_RUNPATH_SEARCH_PATHS = (
					"$(inherited)",
					"@executable_path/Frameworks",
				);
				MARKETING_VERSION = 1.0;
				PRODUCT_BUNDLE_IDENTIFIER = YJ.YegrWeatherEX;
				PRODUCT_NAME = "$(TARGET_NAME)";
				SUPPORTED_PLATFORMS = "iphoneos iphonesimulator";
				SUPPORTS_MACCATALYST = NO;
				SUPPORTS_MAC_DESIGNED_FOR_IPHONE_IPAD = NO;
				SUPPORTS_XR_DESIGNED_FOR_IPHONE_IPAD = NO;
				SWIFT_EMIT_LOC_STRINGS = YES;
				SWIFT_VERSION = 5.0;
				TARGETED_DEVICE_FAMILY = 1;
			};
			name = Release;
		};
/* End XCBuildConfiguration section */

/* Begin XCConfigurationList section */
		680082892C3E64C800ADD884 /* Build configuration list for PBXProject "YegrWeatherEX" */ = {
			isa = XCConfigurationList;
			buildConfigurations = (
				680082A02C3E64C900ADD884 /* Debug */,
				680082A12C3E64C900ADD884 /* Release */,
			);
			defaultConfigurationIsVisible = 0;
			defaultConfigurationName = Release;
		};
		680082A22C3E64C900ADD884 /* Build configuration list for PBXNativeTarget "YegrWeatherEX" */ = {
			isa = XCConfigurationList;
			buildConfigurations = (
				680082A32C3E64C900ADD884 /* Debug */,
				680082A42C3E64C900ADD884 /* Release */,
			);
			defaultConfigurationIsVisible = 0;
			defaultConfigurationName = Release;
		};
/* End XCConfigurationList section */

/* Begin XCRemoteSwiftPackageReference section */
		680082B52C3E8F1A00ADD884 /* XCRemoteSwiftPackageReference "Alamofire" */ = {
			isa = XCRemoteSwiftPackageReference;
			repositoryURL = "https://github.com/Alamofire/Alamofire.git";
			requirement = {
				kind = upToNextMajorVersion;
				minimumVersion = 5.9.1;
			};
		};
		680082B82C3E8F2A00ADD884 /* XCRemoteSwiftPackageReference "SnapKit" */ = {
			isa = XCRemoteSwiftPackageReference;
			repositoryURL = "https://github.com/SnapKit/SnapKit.git";
			requirement = {
				kind = upToNextMajorVersion;
				minimumVersion = 5.7.1;
			};
		};
		680082BB2C3E8F3600ADD884 /* XCRemoteSwiftPackageReference "Kingfisher" */ = {
			isa = XCRemoteSwiftPackageReference;
			repositoryURL = "https://github.com/onevcat/Kingfisher.git";
			requirement = {
				kind = upToNextMajorVersion;
				minimumVersion = 7.12.0;
			};
		};
		680082E62C3F9E8400ADD884 /* XCRemoteSwiftPackageReference "Shift" */ = {
			isa = XCRemoteSwiftPackageReference;
			repositoryURL = "https://github.com/wickwirew/Shift.git";
			requirement = {
				kind = upToNextMajorVersion;
				minimumVersion = 0.2.1;
			};
		};
		680083522C43B50B00ADD884 /* XCRemoteSwiftPackageReference "realm-swift" */ = {
			isa = XCRemoteSwiftPackageReference;
			repositoryURL = "https://github.com/realm/realm-swift.git";
			requirement = {
				kind = exactVersion;
				version = 10.52.1;
			};
		};
/* End XCRemoteSwiftPackageReference section */

/* Begin XCSwiftPackageProductDependency section */
		680082B62C3E8F1A00ADD884 /* Alamofire */ = {
			isa = XCSwiftPackageProductDependency;
			package = 680082B52C3E8F1A00ADD884 /* XCRemoteSwiftPackageReference "Alamofire" */;
			productName = Alamofire;
		};
		680082B92C3E8F2A00ADD884 /* SnapKit */ = {
			isa = XCSwiftPackageProductDependency;
			package = 680082B82C3E8F2A00ADD884 /* XCRemoteSwiftPackageReference "SnapKit" */;
			productName = SnapKit;
		};
		680082BC2C3E8F3600ADD884 /* Kingfisher */ = {
			isa = XCSwiftPackageProductDependency;
			package = 680082BB2C3E8F3600ADD884 /* XCRemoteSwiftPackageReference "Kingfisher" */;
			productName = Kingfisher;
		};
		680082E72C3F9E8400ADD884 /* Shift */ = {
			isa = XCSwiftPackageProductDependency;
			package = 680082E62C3F9E8400ADD884 /* XCRemoteSwiftPackageReference "Shift" */;
			productName = Shift;
		};
		680083532C43B50B00ADD884 /* RealmSwift */ = {
			isa = XCSwiftPackageProductDependency;
			package = 680083522C43B50B00ADD884 /* XCRemoteSwiftPackageReference "realm-swift" */;
			productName = RealmSwift;
		};
/* End XCSwiftPackageProductDependency section */
	};
	rootObject = 680082862C3E64C800ADD884 /* Project object */;
}
